
Microsoft Visual Studio Solution File, Format Version 12.00
# Visual Studio Version 17
VisualStudioVersion = 17.0.31903.59
MinimumVisualStudioVersion = 10.0.40219.1
Project("{2150E333-8FDC-42A3-9474-1A3956D46DE8}") = "src", "src", "{00E80E12-4443-4CF6-AE8F-B70FD8814964}"
EndProject
Project("{FAE04EC0-301F-11D3-BF4B-00C04F79EFBC}") = "Ping", "src\Ping\Ping.csproj", "{4EEF8240-B32A-44F9-9FC3-0A59E190BC06}"
EndProject
Global
	GlobalSection(SolutionConfigurationPlatforms) = preSolution
		Debug|Any CPU = Debug|Any CPU
		Release|Any CPU = Release|Any CPU
	EndGlobalSection
	GlobalSection(SolutionProperties) = preSolution
		HideSolutionNode = FALSE
	EndGlobalSection
	GlobalSection(ProjectConfigurationPlatforms) = postSolution
		{4EEF8240-B32A-44F9-9FC3-0A59E190BC06}.Debug|Any CPU.ActiveCfg = Debug|Any CPU
		{4EEF8240-B32A-44F9-9FC3-0A59E190BC06}.Debug|Any CPU.Build.0 = Debug|Any CPU
		{4EEF8240-B32A-44F9-9FC3-0A59E190BC06}.Release|Any CPU.ActiveCfg = Release|Any CPU
		{4EEF8240-B32A-44F9-9FC3-0A59E190BC06}.Release|Any CPU.Build.0 = Release|Any CPU
	EndGlobalSection
	GlobalSection(NestedProjects) = preSolution
		{4EEF8240-B32A-44F9-9FC3-0A59E190BC06} = {00E80E12-4443-4CF6-AE8F-B70FD8814964}
	EndGlobalSection
EndGlobal
